
Microsoft Visual Studio Solution File, Format Version 12.00
# Visual Studio 15
VisualStudioVersion = 15.0.26730.12
MinimumVisualStudioVersion = 10.0.40219.1
Project("{FAE04EC0-301F-11D3-BF4B-00C04F79EFBC}") = "CS4750HW2", "CS4750HW2\CS4750HW2.csproj", "{35FF6654-3A02-4236-9000-546DBF080210}"
EndProject
Global
	GlobalSection(SolutionConfigurationPlatforms) = preSolution
		Debug|Any CPU = Debug|Any CPU
		Release|Any CPU = Release|Any CPU
	EndGlobalSection
	GlobalSection(ProjectConfigurationPlatforms) = postSolution
		{35FF6654-3A02-4236-9000-546DBF080210}.Debug|Any CPU.ActiveCfg = Debug|Any CPU
		{35FF6654-3A02-4236-9000-546DBF080210}.Debug|Any CPU.Build.0 = Debug|Any CPU
		{35FF6654-3A02-4236-9000-546DBF080210}.Release|Any CPU.ActiveCfg = Release|Any CPU
		{35FF6654-3A02-4236-9000-546DBF080210}.Release|Any CPU.Build.0 = Release|Any CPU
	EndGlobalSection
	GlobalSection(SolutionProperties) = preSolution
		HideSolutionNode = FALSE
	EndGlobalSection
	GlobalSection(ExtensibilityGlobals) = postSolution
		SolutionGuid = {56CBF31B-0EEE-4F55-A966-9BBC490AF766}
	EndGlobalSection
EndGlobal
